
Microsoft Visual Studio Solution File, Format Version 12.00
# Visual Studio Version 17
VisualStudioVersion = 17.0.32112.339
MinimumVisualStudioVersion = 10.0.40219.1
Project("{FAE04EC0-301F-11D3-BF4B-00C04F79EFBC}") = "lr29", "lr29\lr29.csproj", "{CC45D9AD-F8B6-4A44-8875-1ABA9658A76B}"
EndProject
Global
	GlobalSection(SolutionConfigurationPlatforms) = preSolution
		Debug|Any CPU = Debug|Any CPU
		Release|Any CPU = Release|Any CPU
	EndGlobalSection
	GlobalSection(ProjectConfigurationPlatforms) = postSolution
		{CC45D9AD-F8B6-4A44-8875-1ABA9658A76B}.Debug|Any CPU.ActiveCfg = Debug|Any CPU
		{CC45D9AD-F8B6-4A44-8875-1ABA9658A76B}.Debug|Any CPU.Build.0 = Debug|Any CPU
		{CC45D9AD-F8B6-4A44-8875-1ABA9658A76B}.Release|Any CPU.ActiveCfg = Release|Any CPU
		{CC45D9AD-F8B6-4A44-8875-1ABA9658A76B}.Release|Any CPU.Build.0 = Release|Any CPU
	EndGlobalSection
	GlobalSection(SolutionProperties) = preSolution
		HideSolutionNode = FALSE
	EndGlobalSection
	GlobalSection(ExtensibilityGlobals) = postSolution
		SolutionGuid = {400995D5-D07E-4853-BA78-BDF331166B94}
	EndGlobalSection
EndGlobal
